
Microsoft Visual Studio Solution File, Format Version 12.00
# Visual Studio 15
VisualStudioVersion = 15.0.28307.539
MinimumVisualStudioVersion = 10.0.40219.1
Project("{E24C65DC-7377-472B-9ABA-BC803B73C61A}") = "National_Foods", "National_Foods\", "{46E3A1BE-EA16-4343-8AA1-76021EC3F072}"
	ProjectSection(WebsiteProperties) = preProject
		TargetFrameworkMoniker = ".NETFramework,Version%3Dv4.6.1"
		Debug.AspNetCompiler.VirtualPath = "/localhost_49465"
		Debug.AspNetCompiler.PhysicalPath = "National_Foods\"
		Debug.AspNetCompiler.TargetPath = "PrecompiledWeb\localhost_49465\"
		Debug.AspNetCompiler.Updateable = "true"
		Debug.AspNetCompiler.ForceOverwrite = "true"
		Debug.AspNetCompiler.FixedNames = "false"
		Debug.AspNetCompiler.Debug = "True"
		Release.AspNetCompiler.VirtualPath = "/localhost_49465"
		Release.AspNetCompiler.PhysicalPath = "National_Foods\"
		Release.AspNetCompiler.TargetPath = "PrecompiledWeb\localhost_49465\"
		Release.AspNetCompiler.Updateable = "true"
		Release.AspNetCompiler.ForceOverwrite = "true"
		Release.AspNetCompiler.FixedNames = "false"
		Release.AspNetCompiler.Debug = "False"
		VWDPort = "49465"
		SlnRelativePath = "National_Foods\"
		DefaultWebSiteLanguage = "Visual C#"
	EndProjectSection
EndProject
Global
	GlobalSection(SolutionConfigurationPlatforms) = preSolution
		Debug|Any CPU = Debug|Any CPU
	EndGlobalSection
	GlobalSection(ProjectConfigurationPlatforms) = postSolution
		{46E3A1BE-EA16-4343-8AA1-76021EC3F072}.Debug|Any CPU.ActiveCfg = Debug|Any CPU
		{46E3A1BE-EA16-4343-8AA1-76021EC3F072}.Debug|Any CPU.Build.0 = Debug|Any CPU
	EndGlobalSection
	GlobalSection(SolutionProperties) = preSolution
		HideSolutionNode = FALSE
	EndGlobalSection
	GlobalSection(ExtensibilityGlobals) = postSolution
		SolutionGuid = {B279F8C9-E416-4F45-8602-0F65940C6F73}
	EndGlobalSection
EndGlobal
